
Microsoft Visual Studio Solution File, Format Version 11.00
# Visual Studio 2010
Project("{54435603-DBB4-11D2-8724-00A0C9A8B90C}") = "UTSuiteBuilder", "UTSuiteBuilder\UTSuiteBuilder.vdproj", "{D0BECEC8-1AB7-45DA-A791-47C7943601F3}"
EndProject
Global
	GlobalSection(SolutionConfigurationPlatforms) = preSolution
		Debug|Default = Debug|Default
		Release|Default = Release|Default
	EndGlobalSection
	GlobalSection(ProjectConfigurationPlatforms) = postSolution
		{D0BECEC8-1AB7-45DA-A791-47C7943601F3}.Debug|Default.ActiveCfg = Debug
		{D0BECEC8-1AB7-45DA-A791-47C7943601F3}.Debug|Default.Build.0 = Debug
		{D0BECEC8-1AB7-45DA-A791-47C7943601F3}.Release|Default.ActiveCfg = Release
		{D0BECEC8-1AB7-45DA-A791-47C7943601F3}.Release|Default.Build.0 = Release
	EndGlobalSection
	GlobalSection(SolutionProperties) = preSolution
		HideSolutionNode = FALSE
	EndGlobalSection
EndGlobal
